
Microsoft Visual Studio Solution File, Format Version 12.00
# Visual Studio Version 17
VisualStudioVersion = 17.3.32819.101
MinimumVisualStudioVersion = 10.0.40219.1
Project("{FAE04EC0-301F-11D3-BF4B-00C04F79EFBC}") = "Prime Factor", "Prime Factor.csproj", "{7836650F-3A10-4713-857D-C976643DA55B}"
EndProject
Global
	GlobalSection(SolutionConfigurationPlatforms) = preSolution
		Debug|Any CPU = Debug|Any CPU
		Release|Any CPU = Release|Any CPU
	EndGlobalSection
	GlobalSection(ProjectConfigurationPlatforms) = postSolution
		{7836650F-3A10-4713-857D-C976643DA55B}.Debug|Any CPU.ActiveCfg = Debug|Any CPU
		{7836650F-3A10-4713-857D-C976643DA55B}.Debug|Any CPU.Build.0 = Debug|Any CPU
		{7836650F-3A10-4713-857D-C976643DA55B}.Release|Any CPU.ActiveCfg = Release|Any CPU
		{7836650F-3A10-4713-857D-C976643DA55B}.Release|Any CPU.Build.0 = Release|Any CPU
	EndGlobalSection
	GlobalSection(SolutionProperties) = preSolution
		HideSolutionNode = FALSE
	EndGlobalSection
	GlobalSection(ExtensibilityGlobals) = postSolution
		SolutionGuid = {9A5D2F67-A9B7-4EEF-B39F-F34D5912112A}
	EndGlobalSection
EndGlobal
